// !$*UTF8*$!
{
	archiveVersion = 1;
	classes = {
	};
	objectVersion = 60;
	objects = {

/* Begin PBXBuildFile section */
		948304782BF678CB00CA92F2 /* SpotifyiOS in Frameworks */ = {isa = PBXBuildFile; productRef = 948304772BF678CB00CA92F2 /* SpotifyiOS */; };
		9483047C2BF6937D00CA92F2 /* SpotifyController.swift in Sources */ = {isa = PBXBuildFile; fileRef = 9483047B2BF6937D00CA92F2 /* SpotifyController.swift */; };
		948304812BF6970200CA92F2 /* LongRoundButton.swift in Sources */ = {isa = PBXBuildFile; fileRef = 948304802BF6970200CA92F2 /* LongRoundButton.swift */; };
		948304832BF699FF00CA92F2 /* HomeView.swift in Sources */ = {isa = PBXBuildFile; fileRef = 948304822BF699FF00CA92F2 /* HomeView.swift */; };
		948304852BF6A1FF00CA92F2 /* HostView.swift in Sources */ = {isa = PBXBuildFile; fileRef = 948304842BF6A1FF00CA92F2 /* HostView.swift */; };
		94926C4A2BF90E93009C46C9 /* GoogleService-Info.plist in Resources */ = {isa = PBXBuildFile; fileRef = 94926C492BF90E93009C46C9 /* GoogleService-Info.plist */; };
		94926C852BF91753009C46C9 /* FirestoreController.swift in Sources */ = {isa = PBXBuildFile; fileRef = 94926C842BF91753009C46C9 /* FirestoreController.swift */; };
		94926C872BF9191F009C46C9 /* CreatePartyView.swift in Sources */ = {isa = PBXBuildFile; fileRef = 94926C862BF9191F009C46C9 /* CreatePartyView.swift */; };
		94B7E1512BF4480C0048F33A /* miscApp.swift in Sources */ = {isa = PBXBuildFile; fileRef = 94B7E1502BF4480C0048F33A /* miscApp.swift */; };
		94B7E1532BF4480C0048F33A /* ContentView.swift in Sources */ = {isa = PBXBuildFile; fileRef = 94B7E1522BF4480C0048F33A /* ContentView.swift */; };
		94B7E1552BF4480F0048F33A /* Assets.xcassets in Resources */ = {isa = PBXBuildFile; fileRef = 94B7E1542BF4480F0048F33A /* Assets.xcassets */; };
		94B7E1582BF4480F0048F33A /* Preview Assets.xcassets in Resources */ = {isa = PBXBuildFile; fileRef = 94B7E1572BF4480F0048F33A /* Preview Assets.xcassets */; };
		94B7E15F2BF448A20048F33A /* MusicView.swift in Sources */ = {isa = PBXBuildFile; fileRef = 94B7E15E2BF448A20048F33A /* MusicView.swift */; };
		94B7E1612BF451230048F33A /* Controls.swift in Sources */ = {isa = PBXBuildFile; fileRef = 94B7E1602BF451230048F33A /* Controls.swift */; };
		94C49B1A2BF9693500E48214 /* GuestView.swift in Sources */ = {isa = PBXBuildFile; fileRef = 94C49B192BF9693500E48214 /* GuestView.swift */; };
		94C49B1C2BF96D3B00E48214 /* JoinPartyView.swift in Sources */ = {isa = PBXBuildFile; fileRef = 94C49B1B2BF96D3B00E48214 /* JoinPartyView.swift */; };
		94E22D6D2BFAE509005E86A0 /* FirebaseAnalytics in Frameworks */ = {isa = PBXBuildFile; productRef = 94E22D6C2BFAE509005E86A0 /* FirebaseAnalytics */; };
		94E22D6F2BFAE509005E86A0 /* FirebaseAnalyticsOnDeviceConversion in Frameworks */ = {isa = PBXBuildFile; productRef = 94E22D6E2BFAE509005E86A0 /* FirebaseAnalyticsOnDeviceConversion */; };
		94E22D712BFAE509005E86A0 /* FirebaseAnalyticsSwift in Frameworks */ = {isa = PBXBuildFile; productRef = 94E22D702BFAE509005E86A0 /* FirebaseAnalyticsSwift */; };
		94E22D732BFAE509005E86A0 /* FirebaseAnalyticsWithoutAdIdSupport in Frameworks */ = {isa = PBXBuildFile; productRef = 94E22D722BFAE509005E86A0 /* FirebaseAnalyticsWithoutAdIdSupport */; };
		94E22D752BFAE509005E86A0 /* FirebaseAppDistribution-Beta in Frameworks */ = {isa = PBXBuildFile; productRef = 94E22D742BFAE509005E86A0 /* FirebaseAppDistribution-Beta */; };
		94E22D772BFAE509005E86A0 /* FirebaseAuth in Frameworks */ = {isa = PBXBuildFile; productRef = 94E22D762BFAE509005E86A0 /* FirebaseAuth */; };
		94E22D792BFAE509005E86A0 /* FirebaseAuthCombine-Community in Frameworks */ = {isa = PBXBuildFile; productRef = 94E22D782BFAE509005E86A0 /* FirebaseAuthCombine-Community */; };
		94E22D7B2BFAE509005E86A0 /* FirebaseCrashlytics in Frameworks */ = {isa = PBXBuildFile; productRef = 94E22D7A2BFAE509005E86A0 /* FirebaseCrashlytics */; };
		94E22D7D2BFAE509005E86A0 /* FirebaseDatabase in Frameworks */ = {isa = PBXBuildFile; productRef = 94E22D7C2BFAE509005E86A0 /* FirebaseDatabase */; };
		94E22D7F2BFAE509005E86A0 /* FirebaseDatabaseSwift in Frameworks */ = {isa = PBXBuildFile; productRef = 94E22D7E2BFAE509005E86A0 /* FirebaseDatabaseSwift */; };
		94E22D812BFAE509005E86A0 /* FirebaseDynamicLinks in Frameworks */ = {isa = PBXBuildFile; productRef = 94E22D802BFAE509005E86A0 /* FirebaseDynamicLinks */; };
		94E22D832BFAE509005E86A0 /* FirebaseFirestore in Frameworks */ = {isa = PBXBuildFile; productRef = 94E22D822BFAE509005E86A0 /* FirebaseFirestore */; };
		94E22D852BFAE509005E86A0 /* FirebaseFirestoreCombine-Community in Frameworks */ = {isa = PBXBuildFile; productRef = 94E22D842BFAE509005E86A0 /* FirebaseFirestoreCombine-Community */; };
		94E22D872BFAE509005E86A0 /* FirebaseFirestoreSwift in Frameworks */ = {isa = PBXBuildFile; productRef = 94E22D862BFAE509005E86A0 /* FirebaseFirestoreSwift */; };
		94E22D892BFAE509005E86A0 /* FirebaseFunctions in Frameworks */ = {isa = PBXBuildFile; productRef = 94E22D882BFAE509005E86A0 /* FirebaseFunctions */; };
		94E22D8B2BFAE509005E86A0 /* FirebaseFunctionsCombine-Community in Frameworks */ = {isa = PBXBuildFile; productRef = 94E22D8A2BFAE509005E86A0 /* FirebaseFunctionsCombine-Community */; };
		94E22D8D2BFAE509005E86A0 /* FirebaseInAppMessaging-Beta in Frameworks */ = {isa = PBXBuildFile; productRef = 94E22D8C2BFAE509005E86A0 /* FirebaseInAppMessaging-Beta */; };
		94E22D8F2BFAE509005E86A0 /* FirebaseInAppMessagingSwift-Beta in Frameworks */ = {isa = PBXBuildFile; productRef = 94E22D8E2BFAE509005E86A0 /* FirebaseInAppMessagingSwift-Beta */; };
		94E22D912BFAE509005E86A0 /* FirebaseInstallations in Frameworks */ = {isa = PBXBuildFile; productRef = 94E22D902BFAE509005E86A0 /* FirebaseInstallations */; };
		94E22D932BFAE509005E86A0 /* FirebaseMLModelDownloader in Frameworks */ = {isa = PBXBuildFile; productRef = 94E22D922BFAE509005E86A0 /* FirebaseMLModelDownloader */; };
		94E22D952BFAE509005E86A0 /* FirebaseMessaging in Frameworks */ = {isa = PBXBuildFile; productRef = 94E22D942BFAE509005E86A0 /* FirebaseMessaging */; };
		94E22D972BFAE509005E86A0 /* FirebasePerformance in Frameworks */ = {isa = PBXBuildFile; productRef = 94E22D962BFAE509005E86A0 /* FirebasePerformance */; };
		94E22D992BFAE509005E86A0 /* FirebaseRemoteConfig in Frameworks */ = {isa = PBXBuildFile; productRef = 94E22D982BFAE509005E86A0 /* FirebaseRemoteConfig */; };
		94E22D9B2BFAE509005E86A0 /* FirebaseRemoteConfigSwift in Frameworks */ = {isa = PBXBuildFile; productRef = 94E22D9A2BFAE509005E86A0 /* FirebaseRemoteConfigSwift */; };
		94E22D9D2BFAE509005E86A0 /* FirebaseStorage in Frameworks */ = {isa = PBXBuildFile; productRef = 94E22D9C2BFAE509005E86A0 /* FirebaseStorage */; };
		94E22D9F2BFAE509005E86A0 /* FirebaseStorageCombine-Community in Frameworks */ = {isa = PBXBuildFile; productRef = 94E22D9E2BFAE509005E86A0 /* FirebaseStorageCombine-Community */; };
		94E22DA12BFAE509005E86A0 /* FirebaseVertexAI-Preview in Frameworks */ = {isa = PBXBuildFile; productRef = 94E22DA02BFAE509005E86A0 /* FirebaseVertexAI-Preview */; };
/* End PBXBuildFile section */

/* Begin PBXFileReference section */
		948304792BF6797B00CA92F2 /* Info.plist */ = {isa = PBXFileReference; lastKnownFileType = text.plist; path = Info.plist; sourceTree = "<group>"; };
		9483047A2BF67B4D00CA92F2 /* Misc-Bridging-Header.h */ = {isa = PBXFileReference; lastKnownFileType = sourcecode.c.h; path = "Misc-Bridging-Header.h"; sourceTree = "<group>"; };
		9483047B2BF6937D00CA92F2 /* SpotifyController.swift */ = {isa = PBXFileReference; lastKnownFileType = sourcecode.swift; path = SpotifyController.swift; sourceTree = "<group>"; };
		948304802BF6970200CA92F2 /* LongRoundButton.swift */ = {isa = PBXFileReference; lastKnownFileType = sourcecode.swift; path = LongRoundButton.swift; sourceTree = "<group>"; };
		948304822BF699FF00CA92F2 /* HomeView.swift */ = {isa = PBXFileReference; lastKnownFileType = sourcecode.swift; path = HomeView.swift; sourceTree = "<group>"; };
		948304842BF6A1FF00CA92F2 /* HostView.swift */ = {isa = PBXFileReference; lastKnownFileType = sourcecode.swift; path = HostView.swift; sourceTree = "<group>"; };
		94926C492BF90E93009C46C9 /* GoogleService-Info.plist */ = {isa = PBXFileReference; fileEncoding = 4; lastKnownFileType = text.plist.xml; path = "GoogleService-Info.plist"; sourceTree = "<group>"; };
		94926C842BF91753009C46C9 /* FirestoreController.swift */ = {isa = PBXFileReference; lastKnownFileType = sourcecode.swift; path = FirestoreController.swift; sourceTree = "<group>"; };
		94926C862BF9191F009C46C9 /* CreatePartyView.swift */ = {isa = PBXFileReference; lastKnownFileType = sourcecode.swift; path = CreatePartyView.swift; sourceTree = "<group>"; };
		94B7E14D2BF4480C0048F33A /* misc.app */ = {isa = PBXFileReference; explicitFileType = wrapper.application; includeInIndex = 0; path = misc.app; sourceTree = BUILT_PRODUCTS_DIR; };
		94B7E1502BF4480C0048F33A /* miscApp.swift */ = {isa = PBXFileReference; lastKnownFileType = sourcecode.swift; path = miscApp.swift; sourceTree = "<group>"; };
		94B7E1522BF4480C0048F33A /* ContentView.swift */ = {isa = PBXFileReference; lastKnownFileType = sourcecode.swift; path = ContentView.swift; sourceTree = "<group>"; };
		94B7E1542BF4480F0048F33A /* Assets.xcassets */ = {isa = PBXFileReference; lastKnownFileType = folder.assetcatalog; path = Assets.xcassets; sourceTree = "<group>"; };
		94B7E1572BF4480F0048F33A /* Preview Assets.xcassets */ = {isa = PBXFileReference; lastKnownFileType = folder.assetcatalog; path = "Preview Assets.xcassets"; sourceTree = "<group>"; };
		94B7E15E2BF448A20048F33A /* MusicView.swift */ = {isa = PBXFileReference; lastKnownFileType = sourcecode.swift; path = MusicView.swift; sourceTree = "<group>"; };
		94B7E1602BF451230048F33A /* Controls.swift */ = {isa = PBXFileReference; lastKnownFileType = sourcecode.swift; path = Controls.swift; sourceTree = "<group>"; };
		94C49B192BF9693500E48214 /* GuestView.swift */ = {isa = PBXFileReference; lastKnownFileType = sourcecode.swift; path = GuestView.swift; sourceTree = "<group>"; };
		94C49B1B2BF96D3B00E48214 /* JoinPartyView.swift */ = {isa = PBXFileReference; lastKnownFileType = sourcecode.swift; path = JoinPartyView.swift; sourceTree = "<group>"; };
/* End PBXFileReference section */

/* Begin PBXFrameworksBuildPhase section */
		94B7E14A2BF4480C0048F33A /* Frameworks */ = {
			isa = PBXFrameworksBuildPhase;
			buildActionMask = 2147483647;
			files = (
				94E22D7D2BFAE509005E86A0 /* FirebaseDatabase in Frameworks */,
				94E22D8B2BFAE509005E86A0 /* FirebaseFunctionsCombine-Community in Frameworks */,
				94E22D832BFAE509005E86A0 /* FirebaseFirestore in Frameworks */,
				94E22D712BFAE509005E86A0 /* FirebaseAnalyticsSwift in Frameworks */,
				94E22D732BFAE509005E86A0 /* FirebaseAnalyticsWithoutAdIdSupport in Frameworks */,
				94E22D6D2BFAE509005E86A0 /* FirebaseAnalytics in Frameworks */,
				94E22D932BFAE509005E86A0 /* FirebaseMLModelDownloader in Frameworks */,
				94E22D872BFAE509005E86A0 /* FirebaseFirestoreSwift in Frameworks */,
				94E22D6F2BFAE509005E86A0 /* FirebaseAnalyticsOnDeviceConversion in Frameworks */,
				948304782BF678CB00CA92F2 /* SpotifyiOS in Frameworks */,
				94E22D772BFAE509005E86A0 /* FirebaseAuth in Frameworks */,
				94E22D7B2BFAE509005E86A0 /* FirebaseCrashlytics in Frameworks */,
				94E22D9B2BFAE509005E86A0 /* FirebaseRemoteConfigSwift in Frameworks */,
				94E22D8D2BFAE509005E86A0 /* FirebaseInAppMessaging-Beta in Frameworks */,
				94E22D7F2BFAE509005E86A0 /* FirebaseDatabaseSwift in Frameworks */,
				94E22D892BFAE509005E86A0 /* FirebaseFunctions in Frameworks */,
				94E22D9F2BFAE509005E86A0 /* FirebaseStorageCombine-Community in Frameworks */,
				94E22D992BFAE509005E86A0 /* FirebaseRemoteConfig in Frameworks */,
				94E22D752BFAE509005E86A0 /* FirebaseAppDistribution-Beta in Frameworks */,
				94E22D792BFAE509005E86A0 /* FirebaseAuthCombine-Community in Frameworks */,
				94E22D972BFAE509005E86A0 /* FirebasePerformance in Frameworks */,
				94E22D8F2BFAE509005E86A0 /* FirebaseInAppMessagingSwift-Beta in Frameworks */,
				94E22D9D2BFAE509005E86A0 /* FirebaseStorage in Frameworks */,
				94E22D812BFAE509005E86A0 /* FirebaseDynamicLinks in Frameworks */,
				94E22DA12BFAE509005E86A0 /* FirebaseVertexAI-Preview in Frameworks */,
				94E22D852BFAE509005E86A0 /* FirebaseFirestoreCombine-Community in Frameworks */,
				94E22D952BFAE509005E86A0 /* FirebaseMessaging in Frameworks */,
				94E22D912BFAE509005E86A0 /* FirebaseInstallations in Frameworks */,
			);
			runOnlyForDeploymentPostprocessing = 0;
		};
/* End PBXFrameworksBuildPhase section */

/* Begin PBXGroup section */
		9483047F2BF696ED00CA92F2 /* components */ = {
			isa = PBXGroup;
			children = (
				948304802BF6970200CA92F2 /* LongRoundButton.swift */,
			);
			path = components;
			sourceTree = "<group>";
		};
		94B7E1442BF4480C0048F33A = {
			isa = PBXGroup;
			children = (
				94B7E14F2BF4480C0048F33A /* misc */,
				94B7E14E2BF4480C0048F33A /* Products */,
			);
			sourceTree = "<group>";
		};
		94B7E14E2BF4480C0048F33A /* Products */ = {
			isa = PBXGroup;
			children = (
				94B7E14D2BF4480C0048F33A /* misc.app */,
			);
			name = Products;
			sourceTree = "<group>";
		};
		94B7E14F2BF4480C0048F33A /* misc */ = {
			isa = PBXGroup;
			children = (
				94926C492BF90E93009C46C9 /* GoogleService-Info.plist */,
				9483047F2BF696ED00CA92F2 /* components */,
				948304792BF6797B00CA92F2 /* Info.plist */,
				94B7E1502BF4480C0048F33A /* miscApp.swift */,
				94B7E1522BF4480C0048F33A /* ContentView.swift */,
				94B7E15E2BF448A20048F33A /* MusicView.swift */,
				94B7E1602BF451230048F33A /* Controls.swift */,
				94B7E1542BF4480F0048F33A /* Assets.xcassets */,
				94B7E1562BF4480F0048F33A /* Preview Content */,
				9483047A2BF67B4D00CA92F2 /* Misc-Bridging-Header.h */,
				9483047B2BF6937D00CA92F2 /* SpotifyController.swift */,
				948304822BF699FF00CA92F2 /* HomeView.swift */,
				948304842BF6A1FF00CA92F2 /* HostView.swift */,
				94926C842BF91753009C46C9 /* FirestoreController.swift */,
				94926C862BF9191F009C46C9 /* CreatePartyView.swift */,
				94C49B192BF9693500E48214 /* GuestView.swift */,
				94C49B1B2BF96D3B00E48214 /* JoinPartyView.swift */,
			);
			path = misc;
			sourceTree = "<group>";
		};
		94B7E1562BF4480F0048F33A /* Preview Content */ = {
			isa = PBXGroup;
			children = (
				94B7E1572BF4480F0048F33A /* Preview Assets.xcassets */,
			);
			path = "Preview Content";
			sourceTree = "<group>";
		};
/* End PBXGroup section */

/* Begin PBXNativeTarget section */
		94B7E14C2BF4480C0048F33A /* misc */ = {
			isa = PBXNativeTarget;
			buildConfigurationList = 94B7E15B2BF4480F0048F33A /* Build configuration list for PBXNativeTarget "misc" */;
			buildPhases = (
				94B7E1492BF4480C0048F33A /* Sources */,
				94B7E14A2BF4480C0048F33A /* Frameworks */,
				94B7E14B2BF4480C0048F33A /* Resources */,
			);
			buildRules = (
			);
			dependencies = (
			);
			name = misc;
			packageProductDependencies = (
				948304772BF678CB00CA92F2 /* SpotifyiOS */,
				94E22D6C2BFAE509005E86A0 /* FirebaseAnalytics */,
				94E22D6E2BFAE509005E86A0 /* FirebaseAnalyticsOnDeviceConversion */,
				94E22D702BFAE509005E86A0 /* FirebaseAnalyticsSwift */,
				94E22D722BFAE509005E86A0 /* FirebaseAnalyticsWithoutAdIdSupport */,
				94E22D742BFAE509005E86A0 /* FirebaseAppDistribution-Beta */,
				94E22D762BFAE509005E86A0 /* FirebaseAuth */,
				94E22D782BFAE509005E86A0 /* FirebaseAuthCombine-Community */,
				94E22D7A2BFAE509005E86A0 /* FirebaseCrashlytics */,
				94E22D7C2BFAE509005E86A0 /* FirebaseDatabase */,
				94E22D7E2BFAE509005E86A0 /* FirebaseDatabaseSwift */,
				94E22D802BFAE509005E86A0 /* FirebaseDynamicLinks */,
				94E22D822BFAE509005E86A0 /* FirebaseFirestore */,
				94E22D842BFAE509005E86A0 /* FirebaseFirestoreCombine-Community */,
				94E22D862BFAE509005E86A0 /* FirebaseFirestoreSwift */,
				94E22D882BFAE509005E86A0 /* FirebaseFunctions */,
				94E22D8A2BFAE509005E86A0 /* FirebaseFunctionsCombine-Community */,
				94E22D8C2BFAE509005E86A0 /* FirebaseInAppMessaging-Beta */,
				94E22D8E2BFAE509005E86A0 /* FirebaseInAppMessagingSwift-Beta */,
				94E22D902BFAE509005E86A0 /* FirebaseInstallations */,
				94E22D922BFAE509005E86A0 /* FirebaseMLModelDownloader */,
				94E22D942BFAE509005E86A0 /* FirebaseMessaging */,
				94E22D962BFAE509005E86A0 /* FirebasePerformance */,
				94E22D982BFAE509005E86A0 /* FirebaseRemoteConfig */,
				94E22D9A2BFAE509005E86A0 /* FirebaseRemoteConfigSwift */,
				94E22D9C2BFAE509005E86A0 /* FirebaseStorage */,
				94E22D9E2BFAE509005E86A0 /* FirebaseStorageCombine-Community */,
				94E22DA02BFAE509005E86A0 /* FirebaseVertexAI-Preview */,
			);
			productName = misc;
			productReference = 94B7E14D2BF4480C0048F33A /* misc.app */;
			productType = "com.apple.product-type.application";
		};
/* End PBXNativeTarget section */

/* Begin PBXProject section */
		94B7E1452BF4480C0048F33A /* Project object */ = {
			isa = PBXProject;
			attributes = {
				BuildIndependentTargetsInParallel = 1;
				LastSwiftUpdateCheck = 1520;
				LastUpgradeCheck = 1520;
				TargetAttributes = {
					94B7E14C2BF4480C0048F33A = {
						CreatedOnToolsVersion = 15.2;
					};
				};
			};
			buildConfigurationList = 94B7E1482BF4480C0048F33A /* Build configuration list for PBXProject "misc" */;
			compatibilityVersion = "Xcode 14.0";
			developmentRegion = en;
			hasScannedForEncodings = 0;
			knownRegions = (
				en,
				Base,
			);
			mainGroup = 94B7E1442BF4480C0048F33A;
			packageReferences = (
				948304762BF678CB00CA92F2 /* XCLocalSwiftPackageReference "../../Downloads/ios-sdk-2.0.1" */,
				94E22D6B2BFAE509005E86A0 /* XCRemoteSwiftPackageReference "firebase-ios-sdk" */,
			);
			productRefGroup = 94B7E14E2BF4480C0048F33A /* Products */;
			projectDirPath = "";
			projectRoot = "";
			targets = (
				94B7E14C2BF4480C0048F33A /* misc */,
			);
		};
/* End PBXProject section */

/* Begin PBXResourcesBuildPhase section */
		94B7E14B2BF4480C0048F33A /* Resources */ = {
			isa = PBXResourcesBuildPhase;
			buildActionMask = 2147483647;
			files = (
				94B7E1582BF4480F0048F33A /* Preview Assets.xcassets in Resources */,
				94B7E1552BF4480F0048F33A /* Assets.xcassets in Resources */,
				94926C4A2BF90E93009C46C9 /* GoogleService-Info.plist in Resources */,
			);
			runOnlyForDeploymentPostprocessing = 0;
		};
/* End PBXResourcesBuildPhase section */

/* Begin PBXSourcesBuildPhase section */
		94B7E1492BF4480C0048F33A /* Sources */ = {
			isa = PBXSourcesBuildPhase;
			buildActionMask = 2147483647;
			files = (
				94926C852BF91753009C46C9 /* FirestoreController.swift in Sources */,
				948304832BF699FF00CA92F2 /* HomeView.swift in Sources */,
				94B7E1532BF4480C0048F33A /* ContentView.swift in Sources */,
				948304852BF6A1FF00CA92F2 /* HostView.swift in Sources */,
				94C49B1A2BF9693500E48214 /* GuestView.swift in Sources */,
				94C49B1C2BF96D3B00E48214 /* JoinPartyView.swift in Sources */,
				9483047C2BF6937D00CA92F2 /* SpotifyController.swift in Sources */,
				948304812BF6970200CA92F2 /* LongRoundButton.swift in Sources */,
				94B7E1612BF451230048F33A /* Controls.swift in Sources */,
				94926C872BF9191F009C46C9 /* CreatePartyView.swift in Sources */,
				94B7E1512BF4480C0048F33A /* miscApp.swift in Sources */,
				94B7E15F2BF448A20048F33A /* MusicView.swift in Sources */,
			);
			runOnlyForDeploymentPostprocessing = 0;
		};
/* End PBXSourcesBuildPhase section */

/* Begin XCBuildConfiguration section */
		94B7E1592BF4480F0048F33A /* Debug */ = {
			isa = XCBuildConfiguration;
			buildSettings = {
				ALWAYS_SEARCH_USER_PATHS = NO;
				ASSETCATALOG_COMPILER_GENERATE_SWIFT_ASSET_SYMBOL_EXTENSIONS = YES;
				CLANG_ANALYZER_NONNULL = YES;
				CLANG_ANALYZER_NUMBER_OBJECT_CONVERSION = YES_AGGRESSIVE;
				CLANG_CXX_LANGUAGE_STANDARD = "gnu++20";
				CLANG_ENABLE_MODULES = YES;
				CLANG_ENABLE_OBJC_ARC = YES;
				CLANG_ENABLE_OBJC_WEAK = YES;
				CLANG_WARN_BLOCK_CAPTURE_AUTORELEASING = YES;
				CLANG_WARN_BOOL_CONVERSION = YES;
				CLANG_WARN_COMMA = YES;
				CLANG_WARN_CONSTANT_CONVERSION = YES;
				CLANG_WARN_DEPRECATED_OBJC_IMPLEMENTATIONS = YES;
				CLANG_WARN_DIRECT_OBJC_ISA_USAGE = YES_ERROR;
				CLANG_WARN_DOCUMENTATION_COMMENTS = YES;
				CLANG_WARN_EMPTY_BODY = YES;
				CLANG_WARN_ENUM_CONVERSION = YES;
				CLANG_WARN_INFINITE_RECURSION = YES;
				CLANG_WARN_INT_CONVERSION = YES;
				CLANG_WARN_NON_LITERAL_NULL_CONVERSION = YES;
				CLANG_WARN_OBJC_IMPLICIT_RETAIN_SELF = YES;
				CLANG_WARN_OBJC_LITERAL_CONVERSION = YES;
				CLANG_WARN_OBJC_ROOT_CLASS = YES_ERROR;
				CLANG_WARN_QUOTED_INCLUDE_IN_FRAMEWORK_HEADER = YES;
				CLANG_WARN_RANGE_LOOP_ANALYSIS = YES;
				CLANG_WARN_STRICT_PROTOTYPES = YES;
				CLANG_WARN_SUSPICIOUS_MOVE = YES;
				CLANG_WARN_UNGUARDED_AVAILABILITY = YES_AGGRESSIVE;
				CLANG_WARN_UNREACHABLE_CODE = YES;
				CLANG_WARN__DUPLICATE_METHOD_MATCH = YES;
				COPY_PHASE_STRIP = NO;
				DEBUG_INFORMATION_FORMAT = dwarf;
				ENABLE_STRICT_OBJC_MSGSEND = YES;
				ENABLE_TESTABILITY = YES;
				ENABLE_USER_SCRIPT_SANDBOXING = YES;
				GCC_C_LANGUAGE_STANDARD = gnu17;
				GCC_DYNAMIC_NO_PIC = NO;
				GCC_NO_COMMON_BLOCKS = YES;
				GCC_OPTIMIZATION_LEVEL = 0;
				GCC_PREPROCESSOR_DEFINITIONS = (
					"DEBUG=1",
					"$(inherited)",
				);
				GCC_WARN_64_TO_32_BIT_CONVERSION = YES;
				GCC_WARN_ABOUT_RETURN_TYPE = YES_ERROR;
				GCC_WARN_UNDECLARED_SELECTOR = YES;
				GCC_WARN_UNINITIALIZED_AUTOS = YES_AGGRESSIVE;
				GCC_WARN_UNUSED_FUNCTION = YES;
				GCC_WARN_UNUSED_VARIABLE = YES;
				IPHONEOS_DEPLOYMENT_TARGET = 17.2;
				LOCALIZATION_PREFERS_STRING_CATALOGS = YES;
				MTL_ENABLE_DEBUG_INFO = INCLUDE_SOURCE;
				MTL_FAST_MATH = YES;
				ONLY_ACTIVE_ARCH = YES;
				SDKROOT = iphoneos;
				SWIFT_ACTIVE_COMPILATION_CONDITIONS = "DEBUG $(inherited)";
				SWIFT_OPTIMIZATION_LEVEL = "-Onone";
			};
			name = Debug;
		};
		94B7E15A2BF4480F0048F33A /* Release */ = {
			isa = XCBuildConfiguration;
			buildSettings = {
				ALWAYS_SEARCH_USER_PATHS = NO;
				ASSETCATALOG_COMPILER_GENERATE_SWIFT_ASSET_SYMBOL_EXTENSIONS = YES;
				CLANG_ANALYZER_NONNULL = YES;
				CLANG_ANALYZER_NUMBER_OBJECT_CONVERSION = YES_AGGRESSIVE;
				CLANG_CXX_LANGUAGE_STANDARD = "gnu++20";
				CLANG_ENABLE_MODULES = YES;
				CLANG_ENABLE_OBJC_ARC = YES;
				CLANG_ENABLE_OBJC_WEAK = YES;
				CLANG_WARN_BLOCK_CAPTURE_AUTORELEASING = YES;
				CLANG_WARN_BOOL_CONVERSION = YES;
				CLANG_WARN_COMMA = YES;
				CLANG_WARN_CONSTANT_CONVERSION = YES;
				CLANG_WARN_DEPRECATED_OBJC_IMPLEMENTATIONS = YES;
				CLANG_WARN_DIRECT_OBJC_ISA_USAGE = YES_ERROR;
				CLANG_WARN_DOCUMENTATION_COMMENTS = YES;
				CLANG_WARN_EMPTY_BODY = YES;
				CLANG_WARN_ENUM_CONVERSION = YES;
				CLANG_WARN_INFINITE_RECURSION = YES;
				CLANG_WARN_INT_CONVERSION = YES;
				CLANG_WARN_NON_LITERAL_NULL_CONVERSION = YES;
				CLANG_WARN_OBJC_IMPLICIT_RETAIN_SELF = YES;
				CLANG_WARN_OBJC_LITERAL_CONVERSION = YES;
				CLANG_WARN_OBJC_ROOT_CLASS = YES_ERROR;
				CLANG_WARN_QUOTED_INCLUDE_IN_FRAMEWORK_HEADER = YES;
				CLANG_WARN_RANGE_LOOP_ANALYSIS = YES;
				CLANG_WARN_STRICT_PROTOTYPES = YES;
				CLANG_WARN_SUSPICIOUS_MOVE = YES;
				CLANG_WARN_UNGUARDED_AVAILABILITY = YES_AGGRESSIVE;
				CLANG_WARN_UNREACHABLE_CODE = YES;
				CLANG_WARN__DUPLICATE_METHOD_MATCH = YES;
				COPY_PHASE_STRIP = NO;
				DEBUG_INFORMATION_FORMAT = "dwarf-with-dsym";
				ENABLE_NS_ASSERTIONS = NO;
				ENABLE_STRICT_OBJC_MSGSEND = YES;
				ENABLE_USER_SCRIPT_SANDBOXING = YES;
				GCC_C_LANGUAGE_STANDARD = gnu17;
				GCC_NO_COMMON_BLOCKS = YES;
				GCC_WARN_64_TO_32_BIT_CONVERSION = YES;
				GCC_WARN_ABOUT_RETURN_TYPE = YES_ERROR;
				GCC_WARN_UNDECLARED_SELECTOR = YES;
				GCC_WARN_UNINITIALIZED_AUTOS = YES_AGGRESSIVE;
				GCC_WARN_UNUSED_FUNCTION = YES;
				GCC_WARN_UNUSED_VARIABLE = YES;
				IPHONEOS_DEPLOYMENT_TARGET = 17.2;
				LOCALIZATION_PREFERS_STRING_CATALOGS = YES;
				MTL_ENABLE_DEBUG_INFO = NO;
				MTL_FAST_MATH = YES;
				SDKROOT = iphoneos;
				SWIFT_COMPILATION_MODE = wholemodule;
				VALIDATE_PRODUCT = YES;
			};
			name = Release;
		};
		94B7E15C2BF4480F0048F33A /* Debug */ = {
			isa = XCBuildConfiguration;
			buildSettings = {
				ASSETCATALOG_COMPILER_APPICON_NAME = AppIcon;
				ASSETCATALOG_COMPILER_GLOBAL_ACCENT_COLOR_NAME = AccentColor;
				CODE_SIGN_STYLE = Automatic;
				CURRENT_PROJECT_VERSION = 1;
				DEVELOPMENT_ASSET_PATHS = "\"misc/Preview Content\"";
				DEVELOPMENT_TEAM = 2HE7528K25;
				ENABLE_PREVIEWS = YES;
				GENERATE_INFOPLIST_FILE = YES;
				INFOPLIST_FILE = misc/Info.plist;
				INFOPLIST_KEY_LSApplicationCategoryType = "public.app-category.music";
				INFOPLIST_KEY_UIApplicationSceneManifest_Generation = YES;
				INFOPLIST_KEY_UIApplicationSupportsIndirectInputEvents = YES;
				INFOPLIST_KEY_UILaunchScreen_Generation = YES;
				INFOPLIST_KEY_UISupportedInterfaceOrientations_iPad = "UIInterfaceOrientationPortrait UIInterfaceOrientationPortraitUpsideDown UIInterfaceOrientationLandscapeLeft UIInterfaceOrientationLandscapeRight";
				INFOPLIST_KEY_UISupportedInterfaceOrientations_iPhone = "UIInterfaceOrientationPortrait UIInterfaceOrientationLandscapeLeft UIInterfaceOrientationLandscapeRight";
				IPHONEOS_DEPLOYMENT_TARGET = 17.0;
				LD_RUNPATH_SEARCH_PATHS = (
					"$(inherited)",
					"@executable_path/Frameworks",
				);
				LIBRARY_SEARCH_PATHS = (
					"$(inherited)",
					"$(PROJECT_DIR)",
				);
				MARKETING_VERSION = 1.0;
				OTHER_LDFLAGS = "-ObjC";
				PRODUCT_BUNDLE_IDENTIFIER = com.munozcreates.misc;
				PRODUCT_NAME = "$(TARGET_NAME)";
				SWIFT_EMIT_LOC_STRINGS = YES;
				SWIFT_OBJC_BRIDGING_HEADER = "misc/Misc-Bridging-Header.h";
				SWIFT_VERSION = 5.0;
				TARGETED_DEVICE_FAMILY = "1,2";
			};
			name = Debug;
		};
		94B7E15D2BF4480F0048F33A /* Release */ = {
			isa = XCBuildConfiguration;
			buildSettings = {
				ASSETCATALOG_COMPILER_APPICON_NAME = AppIcon;
				ASSETCATALOG_COMPILER_GLOBAL_ACCENT_COLOR_NAME = AccentColor;
				CODE_SIGN_STYLE = Automatic;
				CURRENT_PROJECT_VERSION = 1;
				DEVELOPMENT_ASSET_PATHS = "\"misc/Preview Content\"";
				DEVELOPMENT_TEAM = 2HE7528K25;
				ENABLE_PREVIEWS = YES;
				GENERATE_INFOPLIST_FILE = YES;
				INFOPLIST_FILE = misc/Info.plist;
				INFOPLIST_KEY_LSApplicationCategoryType = "public.app-category.music";
				INFOPLIST_KEY_UIApplicationSceneManifest_Generation = YES;
				INFOPLIST_KEY_UIApplicationSupportsIndirectInputEvents = YES;
				INFOPLIST_KEY_UILaunchScreen_Generation = YES;
				INFOPLIST_KEY_UISupportedInterfaceOrientations_iPad = "UIInterfaceOrientationPortrait UIInterfaceOrientationPortraitUpsideDown UIInterfaceOrientationLandscapeLeft UIInterfaceOrientationLandscapeRight";
				INFOPLIST_KEY_UISupportedInterfaceOrientations_iPhone = "UIInterfaceOrientationPortrait UIInterfaceOrientationLandscapeLeft UIInterfaceOrientationLandscapeRight";
				IPHONEOS_DEPLOYMENT_TARGET = 17.0;
				LD_RUNPATH_SEARCH_PATHS = (
					"$(inherited)",
					"@executable_path/Frameworks",
				);
				LIBRARY_SEARCH_PATHS = (
					"$(inherited)",
					"$(PROJECT_DIR)",
				);
				MARKETING_VERSION = 1.0;
				OTHER_LDFLAGS = "-ObjC";
				PRODUCT_BUNDLE_IDENTIFIER = com.munozcreates.misc;
				PRODUCT_NAME = "$(TARGET_NAME)";
				SWIFT_EMIT_LOC_STRINGS = YES;
				SWIFT_OBJC_BRIDGING_HEADER = "misc/Misc-Bridging-Header.h";
				SWIFT_VERSION = 5.0;
				TARGETED_DEVICE_FAMILY = "1,2";
			};
			name = Release;
		};
/* End XCBuildConfiguration section */

/* Begin XCConfigurationList section */
		94B7E1482BF4480C0048F33A /* Build configuration list for PBXProject "misc" */ = {
			isa = XCConfigurationList;
			buildConfigurations = (
				94B7E1592BF4480F0048F33A /* Debug */,
				94B7E15A2BF4480F0048F33A /* Release */,
			);
			defaultConfigurationIsVisible = 0;
			defaultConfigurationName = Release;
		};
		94B7E15B2BF4480F0048F33A /* Build configuration list for PBXNativeTarget "misc" */ = {
			isa = XCConfigurationList;
			buildConfigurations = (
				94B7E15C2BF4480F0048F33A /* Debug */,
				94B7E15D2BF4480F0048F33A /* Release */,
			);
			defaultConfigurationIsVisible = 0;
			defaultConfigurationName = Release;
		};
/* End XCConfigurationList section */

/* Begin XCLocalSwiftPackageReference section */
		948304762BF678CB00CA92F2 /* XCLocalSwiftPackageReference "../../Downloads/ios-sdk-2.0.1" */ = {
			isa = XCLocalSwiftPackageReference;
			relativePath = "../../Downloads/ios-sdk-2.0.1";
		};
/* End XCLocalSwiftPackageReference section */

/* Begin XCRemoteSwiftPackageReference section */
		94E22D6B2BFAE509005E86A0 /* XCRemoteSwiftPackageReference "firebase-ios-sdk" */ = {
			isa = XCRemoteSwiftPackageReference;
			repositoryURL = "https://github.com/firebase/firebase-ios-sdk";
			requirement = {
				kind = upToNextMajorVersion;
				minimumVersion = 10.26.0;
			};
		};
/* End XCRemoteSwiftPackageReference section */

/* Begin XCSwiftPackageProductDependency section */
		948304772BF678CB00CA92F2 /* SpotifyiOS */ = {
			isa = XCSwiftPackageProductDependency;
			productName = SpotifyiOS;
		};
		94E22D6C2BFAE509005E86A0 /* FirebaseAnalytics */ = {
			isa = XCSwiftPackageProductDependency;
			package = 94E22D6B2BFAE509005E86A0 /* XCRemoteSwiftPackageReference "firebase-ios-sdk" */;
			productName = FirebaseAnalytics;
		};
		94E22D6E2BFAE509005E86A0 /* FirebaseAnalyticsOnDeviceConversion */ = {
			isa = XCSwiftPackageProductDependency;
			package = 94E22D6B2BFAE509005E86A0 /* XCRemoteSwiftPackageReference "firebase-ios-sdk" */;
			productName = FirebaseAnalyticsOnDeviceConversion;
		};
		94E22D702BFAE509005E86A0 /* FirebaseAnalyticsSwift */ = {
			isa = XCSwiftPackageProductDependency;
			package = 94E22D6B2BFAE509005E86A0 /* XCRemoteSwiftPackageReference "firebase-ios-sdk" */;
			productName = FirebaseAnalyticsSwift;
		};
		94E22D722BFAE509005E86A0 /* FirebaseAnalyticsWithoutAdIdSupport */ = {
			isa = XCSwiftPackageProductDependency;
			package = 94E22D6B2BFAE509005E86A0 /* XCRemoteSwiftPackageReference "firebase-ios-sdk" */;
			productName = FirebaseAnalyticsWithoutAdIdSupport;
		};
		94E22D742BFAE509005E86A0 /* FirebaseAppDistribution-Beta */ = {
			isa = XCSwiftPackageProductDependency;
			package = 94E22D6B2BFAE509005E86A0 /* XCRemoteSwiftPackageReference "firebase-ios-sdk" */;
			productName = "FirebaseAppDistribution-Beta";
		};
		94E22D762BFAE509005E86A0 /* FirebaseAuth */ = {
			isa = XCSwiftPackageProductDependency;
			package = 94E22D6B2BFAE509005E86A0 /* XCRemoteSwiftPackageReference "firebase-ios-sdk" */;
			productName = FirebaseAuth;
		};
		94E22D782BFAE509005E86A0 /* FirebaseAuthCombine-Community */ = {
			isa = XCSwiftPackageProductDependency;
			package = 94E22D6B2BFAE509005E86A0 /* XCRemoteSwiftPackageReference "firebase-ios-sdk" */;
			productName = "FirebaseAuthCombine-Community";
		};
		94E22D7A2BFAE509005E86A0 /* FirebaseCrashlytics */ = {
			isa = XCSwiftPackageProductDependency;
			package = 94E22D6B2BFAE509005E86A0 /* XCRemoteSwiftPackageReference "firebase-ios-sdk" */;
			productName = FirebaseCrashlytics;
		};
		94E22D7C2BFAE509005E86A0 /* FirebaseDatabase */ = {
			isa = XCSwiftPackageProductDependency;
			package = 94E22D6B2BFAE509005E86A0 /* XCRemoteSwiftPackageReference "firebase-ios-sdk" */;
			productName = FirebaseDatabase;
		};
		94E22D7E2BFAE509005E86A0 /* FirebaseDatabaseSwift */ = {
			isa = XCSwiftPackageProductDependency;
			package = 94E22D6B2BFAE509005E86A0 /* XCRemoteSwiftPackageReference "firebase-ios-sdk" */;
			productName = FirebaseDatabaseSwift;
		};
		94E22D802BFAE509005E86A0 /* FirebaseDynamicLinks */ = {
			isa = XCSwiftPackageProductDependency;
			package = 94E22D6B2BFAE509005E86A0 /* XCRemoteSwiftPackageReference "firebase-ios-sdk" */;
			productName = FirebaseDynamicLinks;
		};
		94E22D822BFAE509005E86A0 /* FirebaseFirestore */ = {
			isa = XCSwiftPackageProductDependency;
			package = 94E22D6B2BFAE509005E86A0 /* XCRemoteSwiftPackageReference "firebase-ios-sdk" */;
			productName = FirebaseFirestore;
		};
		94E22D842BFAE509005E86A0 /* FirebaseFirestoreCombine-Community */ = {
			isa = XCSwiftPackageProductDependency;
			package = 94E22D6B2BFAE509005E86A0 /* XCRemoteSwiftPackageReference "firebase-ios-sdk" */;
			productName = "FirebaseFirestoreCombine-Community";
		};
		94E22D862BFAE509005E86A0 /* FirebaseFirestoreSwift */ = {
			isa = XCSwiftPackageProductDependency;
			package = 94E22D6B2BFAE509005E86A0 /* XCRemoteSwiftPackageReference "firebase-ios-sdk" */;
			productName = FirebaseFirestoreSwift;
		};
		94E22D882BFAE509005E86A0 /* FirebaseFunctions */ = {
			isa = XCSwiftPackageProductDependency;
			package = 94E22D6B2BFAE509005E86A0 /* XCRemoteSwiftPackageReference "firebase-ios-sdk" */;
			productName = FirebaseFunctions;
		};
		94E22D8A2BFAE509005E86A0 /* FirebaseFunctionsCombine-Community */ = {
			isa = XCSwiftPackageProductDependency;
			package = 94E22D6B2BFAE509005E86A0 /* XCRemoteSwiftPackageReference "firebase-ios-sdk" */;
			productName = "FirebaseFunctionsCombine-Community";
		};
		94E22D8C2BFAE509005E86A0 /* FirebaseInAppMessaging-Beta */ = {
			isa = XCSwiftPackageProductDependency;
			package = 94E22D6B2BFAE509005E86A0 /* XCRemoteSwiftPackageReference "firebase-ios-sdk" */;
			productName = "FirebaseInAppMessaging-Beta";
		};
		94E22D8E2BFAE509005E86A0 /* FirebaseInAppMessagingSwift-Beta */ = {
			isa = XCSwiftPackageProductDependency;
			package = 94E22D6B2BFAE509005E86A0 /* XCRemoteSwiftPackageReference "firebase-ios-sdk" */;
			productName = "FirebaseInAppMessagingSwift-Beta";
		};
		94E22D902BFAE509005E86A0 /* FirebaseInstallations */ = {
			isa = XCSwiftPackageProductDependency;
			package = 94E22D6B2BFAE509005E86A0 /* XCRemoteSwiftPackageReference "firebase-ios-sdk" */;
			productName = FirebaseInstallations;
		};
		94E22D922BFAE509005E86A0 /* FirebaseMLModelDownloader */ = {
			isa = XCSwiftPackageProductDependency;
			package = 94E22D6B2BFAE509005E86A0 /* XCRemoteSwiftPackageReference "firebase-ios-sdk" */;
			productName = FirebaseMLModelDownloader;
		};
		94E22D942BFAE509005E86A0 /* FirebaseMessaging */ = {
			isa = XCSwiftPackageProductDependency;
			package = 94E22D6B2BFAE509005E86A0 /* XCRemoteSwiftPackageReference "firebase-ios-sdk" */;
			productName = FirebaseMessaging;
		};
		94E22D962BFAE509005E86A0 /* FirebasePerformance */ = {
			isa = XCSwiftPackageProductDependency;
			package = 94E22D6B2BFAE509005E86A0 /* XCRemoteSwiftPackageReference "firebase-ios-sdk" */;
			productName = FirebasePerformance;
		};
		94E22D982BFAE509005E86A0 /* FirebaseRemoteConfig */ = {
			isa = XCSwiftPackageProductDependency;
			package = 94E22D6B2BFAE509005E86A0 /* XCRemoteSwiftPackageReference "firebase-ios-sdk" */;
			productName = FirebaseRemoteConfig;
		};
		94E22D9A2BFAE509005E86A0 /* FirebaseRemoteConfigSwift */ = {
			isa = XCSwiftPackageProductDependency;
			package = 94E22D6B2BFAE509005E86A0 /* XCRemoteSwiftPackageReference "firebase-ios-sdk" */;
			productName = FirebaseRemoteConfigSwift;
		};
		94E22D9C2BFAE509005E86A0 /* FirebaseStorage */ = {
			isa = XCSwiftPackageProductDependency;
			package = 94E22D6B2BFAE509005E86A0 /* XCRemoteSwiftPackageReference "firebase-ios-sdk" */;
			productName = FirebaseStorage;
		};
		94E22D9E2BFAE509005E86A0 /* FirebaseStorageCombine-Community */ = {
			isa = XCSwiftPackageProductDependency;
			package = 94E22D6B2BFAE509005E86A0 /* XCRemoteSwiftPackageReference "firebase-ios-sdk" */;
			productName = "FirebaseStorageCombine-Community";
		};
		94E22DA02BFAE509005E86A0 /* FirebaseVertexAI-Preview */ = {
			isa = XCSwiftPackageProductDependency;
			package = 94E22D6B2BFAE509005E86A0 /* XCRemoteSwiftPackageReference "firebase-ios-sdk" */;
			productName = "FirebaseVertexAI-Preview";
		};
/* End XCSwiftPackageProductDependency section */
	};
	rootObject = 94B7E1452BF4480C0048F33A /* Project object */;
}
